
Microsoft Visual Studio Solution File, Format Version 12.00
# Visual Studio Version 16
VisualStudioVersion = 16.0.30907.101
MinimumVisualStudioVersion = 10.0.40219.1
Project("{2150E333-8FDC-42A3-9474-1A3956D46DE8}") = "1-Services", "1-Services", "{E9332AAF-00AF-4567-8B1A-050C6C7731A7}"
EndProject
Project("{2150E333-8FDC-42A3-9474-1A3956D46DE8}") = "0-Common", "0-Common", "{9E539A51-2AB1-433F-A962-8C68CE677B31}"
EndProject
Project("{9A19103F-16F7-4668-BE54-9A1E7A4F7556}") = "GetSimple.WebAPI.API", "..\GetSimple.WebAPI.API\GetSimple.WebAPI.API.csproj", "{45586169-7D0A-463D-A1AE-7AE20A4ED0B7}"
EndProject
Project("{9A19103F-16F7-4668-BE54-9A1E7A4F7556}") = "GetSimple.WebAPI.AuthProvider", "..\GetSimple.WebAPI.AuthProvider\GetSimple.WebAPI.AuthProvider.csproj", "{7DEB98C9-B044-42B6-861A-DF6A0BC2E3F0}"
EndProject
Project("{9A19103F-16F7-4668-BE54-9A1E7A4F7556}") = "GetSimple.WebAPI.Seguranca", "..\GetSimple.WebAPI.Seguranca\GetSimple.WebAPI.Seguranca.csproj", "{EE6811E0-88C9-4984-A9CF-F6E2263479F6}"
EndProject
Project("{9A19103F-16F7-4668-BE54-9A1E7A4F7556}") = "GetSimple.WebAPI.Users", "..\GetSimple.WebAPI.User\GetSimple.WebAPI.Users.csproj", "{E32B6BA4-23FA-49FA-8808-699B5A06D73C}"
EndProject
Global
	GlobalSection(SolutionConfigurationPlatforms) = preSolution
		Debug|Any CPU = Debug|Any CPU
		Release|Any CPU = Release|Any CPU
	EndGlobalSection
	GlobalSection(ProjectConfigurationPlatforms) = postSolution
		{45586169-7D0A-463D-A1AE-7AE20A4ED0B7}.Debug|Any CPU.ActiveCfg = Debug|Any CPU
		{45586169-7D0A-463D-A1AE-7AE20A4ED0B7}.Debug|Any CPU.Build.0 = Debug|Any CPU
		{45586169-7D0A-463D-A1AE-7AE20A4ED0B7}.Release|Any CPU.ActiveCfg = Release|Any CPU
		{45586169-7D0A-463D-A1AE-7AE20A4ED0B7}.Release|Any CPU.Build.0 = Release|Any CPU
		{7DEB98C9-B044-42B6-861A-DF6A0BC2E3F0}.Debug|Any CPU.ActiveCfg = Debug|Any CPU
		{7DEB98C9-B044-42B6-861A-DF6A0BC2E3F0}.Debug|Any CPU.Build.0 = Debug|Any CPU
		{7DEB98C9-B044-42B6-861A-DF6A0BC2E3F0}.Release|Any CPU.ActiveCfg = Release|Any CPU
		{7DEB98C9-B044-42B6-861A-DF6A0BC2E3F0}.Release|Any CPU.Build.0 = Release|Any CPU
		{EE6811E0-88C9-4984-A9CF-F6E2263479F6}.Debug|Any CPU.ActiveCfg = Debug|Any CPU
		{EE6811E0-88C9-4984-A9CF-F6E2263479F6}.Debug|Any CPU.Build.0 = Debug|Any CPU
		{EE6811E0-88C9-4984-A9CF-F6E2263479F6}.Release|Any CPU.ActiveCfg = Release|Any CPU
		{EE6811E0-88C9-4984-A9CF-F6E2263479F6}.Release|Any CPU.Build.0 = Release|Any CPU
		{E32B6BA4-23FA-49FA-8808-699B5A06D73C}.Debug|Any CPU.ActiveCfg = Debug|Any CPU
		{E32B6BA4-23FA-49FA-8808-699B5A06D73C}.Debug|Any CPU.Build.0 = Debug|Any CPU
		{E32B6BA4-23FA-49FA-8808-699B5A06D73C}.Release|Any CPU.ActiveCfg = Release|Any CPU
		{E32B6BA4-23FA-49FA-8808-699B5A06D73C}.Release|Any CPU.Build.0 = Release|Any CPU
	EndGlobalSection
	GlobalSection(SolutionProperties) = preSolution
		HideSolutionNode = FALSE
	EndGlobalSection
	GlobalSection(NestedProjects) = preSolution
		{45586169-7D0A-463D-A1AE-7AE20A4ED0B7} = {E9332AAF-00AF-4567-8B1A-050C6C7731A7}
		{7DEB98C9-B044-42B6-861A-DF6A0BC2E3F0} = {E9332AAF-00AF-4567-8B1A-050C6C7731A7}
		{EE6811E0-88C9-4984-A9CF-F6E2263479F6} = {9E539A51-2AB1-433F-A962-8C68CE677B31}
		{E32B6BA4-23FA-49FA-8808-699B5A06D73C} = {9E539A51-2AB1-433F-A962-8C68CE677B31}
	EndGlobalSection
	GlobalSection(ExtensibilityGlobals) = postSolution
		SolutionGuid = {F65C57FC-DB03-42D5-8576-9078C9B41C2F}
	EndGlobalSection
EndGlobal
